
Microsoft Visual Studio Solution File, Format Version 12.00
# Visual Studio Version 16
VisualStudioVersion = 16.0.32407.337
MinimumVisualStudioVersion = 10.0.40219.1
Project("{FAE04EC0-301F-11D3-BF4B-00C04F79EFBC}") = "0501", "0501\0501.csproj", "{238528EC-8404-4E13-B129-1E8BA1F0FB03}"
EndProject
Project("{FAE04EC0-301F-11D3-BF4B-00C04F79EFBC}") = "0504", "0504\0504.csproj", "{68BCB3D4-1AA1-452B-9C19-0F69385B1A8E}"
EndProject
Project("{FAE04EC0-301F-11D3-BF4B-00C04F79EFBC}") = "0505", "0505\0505.csproj", "{626C2BB4-783F-437F-9229-CD16753A6195}"
EndProject
Project("{FAE04EC0-301F-11D3-BF4B-00C04F79EFBC}") = "0506", "0506\0506.csproj", "{D6413301-BEC6-4F20-9DF0-2D9D9F11929A}"
EndProject
Project("{FAE04EC0-301F-11D3-BF4B-00C04F79EFBC}") = "0507", "0507\0507.csproj", "{835ADF66-C9B4-4388-B389-4599138F3A94}"
EndProject
Project("{FAE04EC0-301F-11D3-BF4B-00C04F79EFBC}") = "0509", "0509\0509.csproj", "{8055A839-438B-4F08-8D70-09E465C63E34}"
EndProject
Project("{FAE04EC0-301F-11D3-BF4B-00C04F79EFBC}") = "0510", "0510\0510.csproj", "{728C208A-7418-4A5F-88A0-3EF10DDD8894}"
EndProject
Project("{FAE04EC0-301F-11D3-BF4B-00C04F79EFBC}") = "0512", "0512\0512.csproj", "{454F3DFF-132C-43CA-B148-0F5BAF3E2050}"
EndProject
Project("{FAE04EC0-301F-11D3-BF4B-00C04F79EFBC}") = "0513", "0513\0513.csproj", "{47018D4D-6A08-4035-9F01-D479BB23223F}"
EndProject
Project("{FAE04EC0-301F-11D3-BF4B-00C04F79EFBC}") = "0520", "0520\0520.csproj", "{537A44D0-C869-4A6B-9FCF-D63560AE5152}"
EndProject
Project("{FAE04EC0-301F-11D3-BF4B-00C04F79EFBC}") = "0523", "0523\0523.csproj", "{6F14F7F5-278D-4E94-B259-1FA735DB2F53}"
EndProject
Project("{FAE04EC0-301F-11D3-BF4B-00C04F79EFBC}") = "0528", "0528\0528.csproj", "{C450E559-F999-4B81-BB3C-DD73888B6BD2}"
EndProject
Project("{FAE04EC0-301F-11D3-BF4B-00C04F79EFBC}") = "0530", "0530\0530.csproj", "{05066A3D-7D76-4263-8968-6BF800F384B0}"
EndProject
Project("{FAE04EC0-301F-11D3-BF4B-00C04F79EFBC}") = "CustomAlertBoxDemo", "codeinpc.comCustomAlertBoxDemo\CustomAlertBoxDemo\CustomAlertBoxDemo\CustomAlertBoxDemo.csproj", "{19039AC1-EE08-460B-821B-0277442D04D1}"
EndProject
Project("{FAE04EC0-301F-11D3-BF4B-00C04F79EFBC}") = "Dashboard", "Dashboard\Dashboard\Dashboard\Dashboard.csproj", "{7AE9F65A-B445-4C1B-9EA8-137BD05BB86D}"
EndProject
Project("{FAE04EC0-301F-11D3-BF4B-00C04F79EFBC}") = "0503", "0503\0503.csproj", "{69A0C87C-A7E5-41FF-9144-BEA0CAD42124}"
EndProject
Global
	GlobalSection(SolutionConfigurationPlatforms) = preSolution
		Debug|Any CPU = Debug|Any CPU
		Release|Any CPU = Release|Any CPU
	EndGlobalSection
	GlobalSection(ProjectConfigurationPlatforms) = postSolution
		{238528EC-8404-4E13-B129-1E8BA1F0FB03}.Debug|Any CPU.ActiveCfg = Debug|Any CPU
		{238528EC-8404-4E13-B129-1E8BA1F0FB03}.Debug|Any CPU.Build.0 = Debug|Any CPU
		{238528EC-8404-4E13-B129-1E8BA1F0FB03}.Release|Any CPU.ActiveCfg = Release|Any CPU
		{238528EC-8404-4E13-B129-1E8BA1F0FB03}.Release|Any CPU.Build.0 = Release|Any CPU
		{68BCB3D4-1AA1-452B-9C19-0F69385B1A8E}.Debug|Any CPU.ActiveCfg = Debug|Any CPU
		{68BCB3D4-1AA1-452B-9C19-0F69385B1A8E}.Debug|Any CPU.Build.0 = Debug|Any CPU
		{68BCB3D4-1AA1-452B-9C19-0F69385B1A8E}.Release|Any CPU.ActiveCfg = Release|Any CPU
		{68BCB3D4-1AA1-452B-9C19-0F69385B1A8E}.Release|Any CPU.Build.0 = Release|Any CPU
		{626C2BB4-783F-437F-9229-CD16753A6195}.Debug|Any CPU.ActiveCfg = Debug|Any CPU
		{626C2BB4-783F-437F-9229-CD16753A6195}.Debug|Any CPU.Build.0 = Debug|Any CPU
		{626C2BB4-783F-437F-9229-CD16753A6195}.Release|Any CPU.ActiveCfg = Release|Any CPU
		{626C2BB4-783F-437F-9229-CD16753A6195}.Release|Any CPU.Build.0 = Release|Any CPU
		{D6413301-BEC6-4F20-9DF0-2D9D9F11929A}.Debug|Any CPU.ActiveCfg = Debug|Any CPU
		{D6413301-BEC6-4F20-9DF0-2D9D9F11929A}.Debug|Any CPU.Build.0 = Debug|Any CPU
		{D6413301-BEC6-4F20-9DF0-2D9D9F11929A}.Release|Any CPU.ActiveCfg = Release|Any CPU
		{D6413301-BEC6-4F20-9DF0-2D9D9F11929A}.Release|Any CPU.Build.0 = Release|Any CPU
		{835ADF66-C9B4-4388-B389-4599138F3A94}.Debug|Any CPU.ActiveCfg = Debug|Any CPU
		{835ADF66-C9B4-4388-B389-4599138F3A94}.Debug|Any CPU.Build.0 = Debug|Any CPU
		{835ADF66-C9B4-4388-B389-4599138F3A94}.Release|Any CPU.ActiveCfg = Release|Any CPU
		{835ADF66-C9B4-4388-B389-4599138F3A94}.Release|Any CPU.Build.0 = Release|Any CPU
		{8055A839-438B-4F08-8D70-09E465C63E34}.Debug|Any CPU.ActiveCfg = Debug|Any CPU
		{8055A839-438B-4F08-8D70-09E465C63E34}.Debug|Any CPU.Build.0 = Debug|Any CPU
		{8055A839-438B-4F08-8D70-09E465C63E34}.Release|Any CPU.ActiveCfg = Release|Any CPU
		{8055A839-438B-4F08-8D70-09E465C63E34}.Release|Any CPU.Build.0 = Release|Any CPU
		{728C208A-7418-4A5F-88A0-3EF10DDD8894}.Debug|Any CPU.ActiveCfg = Debug|Any CPU
		{728C208A-7418-4A5F-88A0-3EF10DDD8894}.Debug|Any CPU.Build.0 = Debug|Any CPU
		{728C208A-7418-4A5F-88A0-3EF10DDD8894}.Release|Any CPU.ActiveCfg = Release|Any CPU
		{728C208A-7418-4A5F-88A0-3EF10DDD8894}.Release|Any CPU.Build.0 = Release|Any CPU
		{454F3DFF-132C-43CA-B148-0F5BAF3E2050}.Debug|Any CPU.ActiveCfg = Debug|Any CPU
		{454F3DFF-132C-43CA-B148-0F5BAF3E2050}.Debug|Any CPU.Build.0 = Debug|Any CPU
		{454F3DFF-132C-43CA-B148-0F5BAF3E2050}.Release|Any CPU.ActiveCfg = Release|Any CPU
		{454F3DFF-132C-43CA-B148-0F5BAF3E2050}.Release|Any CPU.Build.0 = Release|Any CPU
		{47018D4D-6A08-4035-9F01-D479BB23223F}.Debug|Any CPU.ActiveCfg = Debug|Any CPU
		{47018D4D-6A08-4035-9F01-D479BB23223F}.Debug|Any CPU.Build.0 = Debug|Any CPU
		{47018D4D-6A08-4035-9F01-D479BB23223F}.Release|Any CPU.ActiveCfg = Release|Any CPU
		{47018D4D-6A08-4035-9F01-D479BB23223F}.Release|Any CPU.Build.0 = Release|Any CPU
		{537A44D0-C869-4A6B-9FCF-D63560AE5152}.Debug|Any CPU.ActiveCfg = Debug|Any CPU
		{537A44D0-C869-4A6B-9FCF-D63560AE5152}.Debug|Any CPU.Build.0 = Debug|Any CPU
		{537A44D0-C869-4A6B-9FCF-D63560AE5152}.Release|Any CPU.ActiveCfg = Release|Any CPU
		{537A44D0-C869-4A6B-9FCF-D63560AE5152}.Release|Any CPU.Build.0 = Release|Any CPU
		{6F14F7F5-278D-4E94-B259-1FA735DB2F53}.Debug|Any CPU.ActiveCfg = Debug|Any CPU
		{6F14F7F5-278D-4E94-B259-1FA735DB2F53}.Debug|Any CPU.Build.0 = Debug|Any CPU
		{6F14F7F5-278D-4E94-B259-1FA735DB2F53}.Release|Any CPU.ActiveCfg = Release|Any CPU
		{6F14F7F5-278D-4E94-B259-1FA735DB2F53}.Release|Any CPU.Build.0 = Release|Any CPU
		{C450E559-F999-4B81-BB3C-DD73888B6BD2}.Debug|Any CPU.ActiveCfg = Debug|Any CPU
		{C450E559-F999-4B81-BB3C-DD73888B6BD2}.Debug|Any CPU.Build.0 = Debug|Any CPU
		{C450E559-F999-4B81-BB3C-DD73888B6BD2}.Release|Any CPU.ActiveCfg = Release|Any CPU
		{C450E559-F999-4B81-BB3C-DD73888B6BD2}.Release|Any CPU.Build.0 = Release|Any CPU
		{05066A3D-7D76-4263-8968-6BF800F384B0}.Debug|Any CPU.ActiveCfg = Debug|Any CPU
		{05066A3D-7D76-4263-8968-6BF800F384B0}.Debug|Any CPU.Build.0 = Debug|Any CPU
		{05066A3D-7D76-4263-8968-6BF800F384B0}.Release|Any CPU.ActiveCfg = Release|Any CPU
		{05066A3D-7D76-4263-8968-6BF800F384B0}.Release|Any CPU.Build.0 = Release|Any CPU
		{19039AC1-EE08-460B-821B-0277442D04D1}.Debug|Any CPU.ActiveCfg = Debug|Any CPU
		{19039AC1-EE08-460B-821B-0277442D04D1}.Debug|Any CPU.Build.0 = Debug|Any CPU
		{19039AC1-EE08-460B-821B-0277442D04D1}.Release|Any CPU.ActiveCfg = Release|Any CPU
		{19039AC1-EE08-460B-821B-0277442D04D1}.Release|Any CPU.Build.0 = Release|Any CPU
		{7AE9F65A-B445-4C1B-9EA8-137BD05BB86D}.Debug|Any CPU.ActiveCfg = Debug|Any CPU
		{7AE9F65A-B445-4C1B-9EA8-137BD05BB86D}.Debug|Any CPU.Build.0 = Debug|Any CPU
		{7AE9F65A-B445-4C1B-9EA8-137BD05BB86D}.Release|Any CPU.ActiveCfg = Release|Any CPU
		{7AE9F65A-B445-4C1B-9EA8-137BD05BB86D}.Release|Any CPU.Build.0 = Release|Any CPU
		{69A0C87C-A7E5-41FF-9144-BEA0CAD42124}.Debug|Any CPU.ActiveCfg = Debug|Any CPU
		{69A0C87C-A7E5-41FF-9144-BEA0CAD42124}.Debug|Any CPU.Build.0 = Debug|Any CPU
		{69A0C87C-A7E5-41FF-9144-BEA0CAD42124}.Release|Any CPU.ActiveCfg = Release|Any CPU
		{69A0C87C-A7E5-41FF-9144-BEA0CAD42124}.Release|Any CPU.Build.0 = Release|Any CPU
	EndGlobalSection
	GlobalSection(SolutionProperties) = preSolution
		HideSolutionNode = FALSE
	EndGlobalSection
	GlobalSection(ExtensibilityGlobals) = postSolution
		SolutionGuid = {8D8F170D-F3BE-4855-9773-DDFA99CBAA49}
	EndGlobalSection
EndGlobal
